<Solution>
  <Folder Name="/apps/">
    <Project Path="AspireWeb.AppHost/AspireWeb.AppHost.csproj" />
    <Project Path="AspireWeb.ApiService/AspireWeb.ApiService.csproj" />
    <Project Path="AspireWeb.Web/AspireWeb.Web.csproj" />
    <Project Path="AspireWeb.MigrationService/AspireWeb.MigrationService.csproj" />
  </Folder>
  <Folder Name="/libraries/">
    <Project Path="AspireWeb.Contracts/AspireWeb.Contracts.csproj" />
    <Project Path="AspireWeb.Data/AspireWeb.Data.csproj" />
    <Project Path="AspireWeb.ServiceDefaults/AspireWeb.ServiceDefaults.csproj" />
  </Folder>
  <Folder Name="/tests/">
    <Project Path="AspireWeb.Tests/AspireWeb.Tests.csproj" />
  </Folder>
  <Folder Name="/Solution Items/">
    <File Path=".editorconfig" />
    <File Path="Directory.Build.props" />
    <File Path="Directory.Packages.props" />
    <File Path="global.json" />
    <File Path="CLAUDE.md" />
    <File Path=".github/workflows/ci.yml" />
  </Folder>
</Solution>
