<Solution>
  <Project Path="AspireWeb.ApiService/AspireWeb.ApiService.csproj" />
  <Project Path="AspireWeb.AppHost/AspireWeb.AppHost.csproj" />
  <Project Path="AspireWeb.Data/AspireWeb.Data.csproj" />
  <Project Path="AspireWeb.MigrationService/AspireWeb.MigrationService.csproj" />
  <Project Path="AspireWeb.ServiceDefaults/AspireWeb.ServiceDefaults.csproj" />
  <Project Path="AspireWeb.Tests/AspireWeb.Tests.csproj" />
  <Project Path="AspireWeb.Web/AspireWeb.Web.csproj" />
</Solution>
